
Microsoft Visual Studio Solution File, Format Version 12.00
# Visual Studio Version 16
VisualStudioVersion = 16.0.31005.135
MinimumVisualStudioVersion = 10.0.40219.1
Project("{FAE04EC0-301F-11D3-BF4B-00C04F79EFBC}") = "Manage class Flight", "Manage class Flight\Manage class Flight.csproj", "{FAC16339-2BE4-45D4-A6A4-58BCC20B950A}"
EndProject
Global
	GlobalSection(SolutionConfigurationPlatforms) = preSolution
		Debug|Any CPU = Debug|Any CPU
		Release|Any CPU = Release|Any CPU
	EndGlobalSection
	GlobalSection(ProjectConfigurationPlatforms) = postSolution
		{FAC16339-2BE4-45D4-A6A4-58BCC20B950A}.Debug|Any CPU.ActiveCfg = Debug|Any CPU
		{FAC16339-2BE4-45D4-A6A4-58BCC20B950A}.Debug|Any CPU.Build.0 = Debug|Any CPU
		{FAC16339-2BE4-45D4-A6A4-58BCC20B950A}.Release|Any CPU.ActiveCfg = Release|Any CPU
		{FAC16339-2BE4-45D4-A6A4-58BCC20B950A}.Release|Any CPU.Build.0 = Release|Any CPU
	EndGlobalSection
	GlobalSection(SolutionProperties) = preSolution
		HideSolutionNode = FALSE
	EndGlobalSection
	GlobalSection(ExtensibilityGlobals) = postSolution
		SolutionGuid = {082F3DE1-CF5F-4328-B7D3-FFD2E138B9B7}
	EndGlobalSection
EndGlobal
